
Microsoft Visual Studio Solution File, Format Version 12.00
# Visual Studio Version 16
VisualStudioVersion = 16.0.33214.272
MinimumVisualStudioVersion = 10.0.40219.1
Project("{FAE04EC0-301F-11D3-BF4B-00C04F79EFBC}") = "wcf_server", "wcf_server\wcf_server.csproj", "{331BBC9C-ADFF-454F-8132-F26DE94B3921}"
EndProject
Project("{FAE04EC0-301F-11D3-BF4B-00C04F79EFBC}") = "Model", "..\Model\Model.csproj", "{CAFEBE69-387F-4C4A-826B-4C1C71DEA7B3}"
EndProject
Project("{FAE04EC0-301F-11D3-BF4B-00C04F79EFBC}") = "ViewModel", "..\ViewModel\ViewModel.csproj", "{3A4C70F6-A9E3-4416-A2B1-9D19EDA3B01A}"
EndProject
Project("{FAE04EC0-301F-11D3-BF4B-00C04F79EFBC}") = "MyHost", "..\MyHost\MyHost.csproj", "{12E9C5CE-5728-427E-9CB7-9863A5798A8A}"
EndProject
Global
	GlobalSection(SolutionConfigurationPlatforms) = preSolution
		Debug|Any CPU = Debug|Any CPU
		Release|Any CPU = Release|Any CPU
	EndGlobalSection
	GlobalSection(ProjectConfigurationPlatforms) = postSolution
		{331BBC9C-ADFF-454F-8132-F26DE94B3921}.Debug|Any CPU.ActiveCfg = Debug|Any CPU
		{331BBC9C-ADFF-454F-8132-F26DE94B3921}.Debug|Any CPU.Build.0 = Debug|Any CPU
		{331BBC9C-ADFF-454F-8132-F26DE94B3921}.Release|Any CPU.ActiveCfg = Release|Any CPU
		{331BBC9C-ADFF-454F-8132-F26DE94B3921}.Release|Any CPU.Build.0 = Release|Any CPU
		{CAFEBE69-387F-4C4A-826B-4C1C71DEA7B3}.Debug|Any CPU.ActiveCfg = Debug|Any CPU
		{CAFEBE69-387F-4C4A-826B-4C1C71DEA7B3}.Debug|Any CPU.Build.0 = Debug|Any CPU
		{CAFEBE69-387F-4C4A-826B-4C1C71DEA7B3}.Release|Any CPU.ActiveCfg = Release|Any CPU
		{CAFEBE69-387F-4C4A-826B-4C1C71DEA7B3}.Release|Any CPU.Build.0 = Release|Any CPU
		{3A4C70F6-A9E3-4416-A2B1-9D19EDA3B01A}.Debug|Any CPU.ActiveCfg = Debug|Any CPU
		{3A4C70F6-A9E3-4416-A2B1-9D19EDA3B01A}.Debug|Any CPU.Build.0 = Debug|Any CPU
		{3A4C70F6-A9E3-4416-A2B1-9D19EDA3B01A}.Release|Any CPU.ActiveCfg = Release|Any CPU
		{3A4C70F6-A9E3-4416-A2B1-9D19EDA3B01A}.Release|Any CPU.Build.0 = Release|Any CPU
		{12E9C5CE-5728-427E-9CB7-9863A5798A8A}.Debug|Any CPU.ActiveCfg = Debug|Any CPU
		{12E9C5CE-5728-427E-9CB7-9863A5798A8A}.Debug|Any CPU.Build.0 = Debug|Any CPU
		{12E9C5CE-5728-427E-9CB7-9863A5798A8A}.Release|Any CPU.ActiveCfg = Release|Any CPU
		{12E9C5CE-5728-427E-9CB7-9863A5798A8A}.Release|Any CPU.Build.0 = Release|Any CPU
	EndGlobalSection
	GlobalSection(SolutionProperties) = preSolution
		HideSolutionNode = FALSE
	EndGlobalSection
	GlobalSection(ExtensibilityGlobals) = postSolution
		SolutionGuid = {48A8F683-7889-4A2F-81D2-613485CE5692}
	EndGlobalSection
EndGlobal
